
Microsoft Visual Studio Solution File, Format Version 12.00
# Visual Studio 14
VisualStudioVersion = 14.0.23107.0
MinimumVisualStudioVersion = 10.0.40219.1
Project("{FAE04EC0-301F-11D3-BF4B-00C04F79EFBC}") = "MakeMeMove", "MakeMeMove\MakeMeMove\MakeMeMove.csproj", "{3ED72A50-CB5B-4931-AECC-36AF2DDC97CA}"
EndProject
Project("{FAE04EC0-301F-11D3-BF4B-00C04F79EFBC}") = "MakeMeMove.iOS", "MakeMeMove\MakeMeMove.iOS\MakeMeMove.iOS.csproj", "{8AF29EC9-7027-4222-9DA5-ECBA239C0478}"
EndProject
Project("{FAE04EC0-301F-11D3-BF4B-00C04F79EFBC}") = "MakeMeMove.Droid", "MakeMeMove\MakeMeMove.Droid\MakeMeMove.Droid.csproj", "{8BC2DE54-1369-434D-905D-C61754572D13}"
EndProject
Global
	GlobalSection(SolutionConfigurationPlatforms) = preSolution
		Debug|Any CPU = Debug|Any CPU
		Debug|ARM = Debug|ARM
		Debug|iPhone = Debug|iPhone
		Debug|iPhoneSimulator = Debug|iPhoneSimulator
		Debug|x86 = Debug|x86
		Release|Any CPU = Release|Any CPU
		Release|ARM = Release|ARM
		Release|iPhone = Release|iPhone
		Release|iPhoneSimulator = Release|iPhoneSimulator
		Release|x86 = Release|x86
	EndGlobalSection
	GlobalSection(ProjectConfigurationPlatforms) = postSolution
		{3ED72A50-CB5B-4931-AECC-36AF2DDC97CA}.Debug|Any CPU.ActiveCfg = Debug|Any CPU
		{3ED72A50-CB5B-4931-AECC-36AF2DDC97CA}.Debug|Any CPU.Build.0 = Debug|Any CPU
		{3ED72A50-CB5B-4931-AECC-36AF2DDC97CA}.Debug|ARM.ActiveCfg = Debug|Any CPU
		{3ED72A50-CB5B-4931-AECC-36AF2DDC97CA}.Debug|ARM.Build.0 = Debug|Any CPU
		{3ED72A50-CB5B-4931-AECC-36AF2DDC97CA}.Debug|iPhone.ActiveCfg = Debug|Any CPU
		{3ED72A50-CB5B-4931-AECC-36AF2DDC97CA}.Debug|iPhone.Build.0 = Debug|Any CPU
		{3ED72A50-CB5B-4931-AECC-36AF2DDC97CA}.Debug|iPhoneSimulator.ActiveCfg = Debug|Any CPU
		{3ED72A50-CB5B-4931-AECC-36AF2DDC97CA}.Debug|iPhoneSimulator.Build.0 = Debug|Any CPU
		{3ED72A50-CB5B-4931-AECC-36AF2DDC97CA}.Debug|x86.ActiveCfg = Debug|Any CPU
		{3ED72A50-CB5B-4931-AECC-36AF2DDC97CA}.Debug|x86.Build.0 = Debug|Any CPU
		{3ED72A50-CB5B-4931-AECC-36AF2DDC97CA}.Release|Any CPU.ActiveCfg = Release|Any CPU
		{3ED72A50-CB5B-4931-AECC-36AF2DDC97CA}.Release|Any CPU.Build.0 = Release|Any CPU
		{3ED72A50-CB5B-4931-AECC-36AF2DDC97CA}.Release|ARM.ActiveCfg = Release|Any CPU
		{3ED72A50-CB5B-4931-AECC-36AF2DDC97CA}.Release|ARM.Build.0 = Release|Any CPU
		{3ED72A50-CB5B-4931-AECC-36AF2DDC97CA}.Release|iPhone.ActiveCfg = Release|Any CPU
		{3ED72A50-CB5B-4931-AECC-36AF2DDC97CA}.Release|iPhone.Build.0 = Release|Any CPU
		{3ED72A50-CB5B-4931-AECC-36AF2DDC97CA}.Release|iPhoneSimulator.ActiveCfg = Release|Any CPU
		{3ED72A50-CB5B-4931-AECC-36AF2DDC97CA}.Release|iPhoneSimulator.Build.0 = Release|Any CPU
		{3ED72A50-CB5B-4931-AECC-36AF2DDC97CA}.Release|x86.ActiveCfg = Release|Any CPU
		{3ED72A50-CB5B-4931-AECC-36AF2DDC97CA}.Release|x86.Build.0 = Release|Any CPU
		{8AF29EC9-7027-4222-9DA5-ECBA239C0478}.Debug|Any CPU.ActiveCfg = Debug|iPhone
		{8AF29EC9-7027-4222-9DA5-ECBA239C0478}.Debug|ARM.ActiveCfg = Debug|iPhone
		{8AF29EC9-7027-4222-9DA5-ECBA239C0478}.Debug|iPhone.ActiveCfg = Debug|iPhone
		{8AF29EC9-7027-4222-9DA5-ECBA239C0478}.Debug|iPhone.Build.0 = Debug|iPhone
		{8AF29EC9-7027-4222-9DA5-ECBA239C0478}.Debug|iPhoneSimulator.ActiveCfg = Debug|iPhoneSimulator
		{8AF29EC9-7027-4222-9DA5-ECBA239C0478}.Debug|iPhoneSimulator.Build.0 = Debug|iPhoneSimulator
		{8AF29EC9-7027-4222-9DA5-ECBA239C0478}.Debug|x86.ActiveCfg = Debug|iPhone
		{8AF29EC9-7027-4222-9DA5-ECBA239C0478}.Release|Any CPU.ActiveCfg = Release|iPhone
		{8AF29EC9-7027-4222-9DA5-ECBA239C0478}.Release|ARM.ActiveCfg = Release|iPhone
		{8AF29EC9-7027-4222-9DA5-ECBA239C0478}.Release|iPhone.ActiveCfg = Release|iPhone
		{8AF29EC9-7027-4222-9DA5-ECBA239C0478}.Release|iPhone.Build.0 = Release|iPhone
		{8AF29EC9-7027-4222-9DA5-ECBA239C0478}.Release|iPhoneSimulator.ActiveCfg = Release|iPhoneSimulator
		{8AF29EC9-7027-4222-9DA5-ECBA239C0478}.Release|iPhoneSimulator.Build.0 = Release|iPhoneSimulator
		{8AF29EC9-7027-4222-9DA5-ECBA239C0478}.Release|x86.ActiveCfg = Release|iPhone
		{8BC2DE54-1369-434D-905D-C61754572D13}.Debug|Any CPU.ActiveCfg = Debug|Any CPU
		{8BC2DE54-1369-434D-905D-C61754572D13}.Debug|Any CPU.Build.0 = Debug|Any CPU
		{8BC2DE54-1369-434D-905D-C61754572D13}.Debug|Any CPU.Deploy.0 = Debug|Any CPU
		{8BC2DE54-1369-434D-905D-C61754572D13}.Debug|ARM.ActiveCfg = Debug|Any CPU
		{8BC2DE54-1369-434D-905D-C61754572D13}.Debug|ARM.Build.0 = Debug|Any CPU
		{8BC2DE54-1369-434D-905D-C61754572D13}.Debug|ARM.Deploy.0 = Debug|Any CPU
		{8BC2DE54-1369-434D-905D-C61754572D13}.Debug|iPhone.ActiveCfg = Debug|Any CPU
		{8BC2DE54-1369-434D-905D-C61754572D13}.Debug|iPhone.Build.0 = Debug|Any CPU
		{8BC2DE54-1369-434D-905D-C61754572D13}.Debug|iPhone.Deploy.0 = Debug|Any CPU
		{8BC2DE54-1369-434D-905D-C61754572D13}.Debug|iPhoneSimulator.ActiveCfg = Debug|Any CPU
		{8BC2DE54-1369-434D-905D-C61754572D13}.Debug|iPhoneSimulator.Build.0 = Debug|Any CPU
		{8BC2DE54-1369-434D-905D-C61754572D13}.Debug|iPhoneSimulator.Deploy.0 = Debug|Any CPU
		{8BC2DE54-1369-434D-905D-C61754572D13}.Debug|x86.ActiveCfg = Debug|Any CPU
		{8BC2DE54-1369-434D-905D-C61754572D13}.Debug|x86.Build.0 = Debug|Any CPU
		{8BC2DE54-1369-434D-905D-C61754572D13}.Debug|x86.Deploy.0 = Debug|Any CPU
		{8BC2DE54-1369-434D-905D-C61754572D13}.Release|Any CPU.ActiveCfg = Release|Any CPU
		{8BC2DE54-1369-434D-905D-C61754572D13}.Release|Any CPU.Build.0 = Release|Any CPU
		{8BC2DE54-1369-434D-905D-C61754572D13}.Release|Any CPU.Deploy.0 = Release|Any CPU
		{8BC2DE54-1369-434D-905D-C61754572D13}.Release|ARM.ActiveCfg = Release|Any CPU
		{8BC2DE54-1369-434D-905D-C61754572D13}.Release|ARM.Build.0 = Release|Any CPU
		{8BC2DE54-1369-434D-905D-C61754572D13}.Release|ARM.Deploy.0 = Release|Any CPU
		{8BC2DE54-1369-434D-905D-C61754572D13}.Release|iPhone.ActiveCfg = Release|Any CPU
		{8BC2DE54-1369-434D-905D-C61754572D13}.Release|iPhone.Build.0 = Release|Any CPU
		{8BC2DE54-1369-434D-905D-C61754572D13}.Release|iPhone.Deploy.0 = Release|Any CPU
		{8BC2DE54-1369-434D-905D-C61754572D13}.Release|iPhoneSimulator.ActiveCfg = Release|Any CPU
		{8BC2DE54-1369-434D-905D-C61754572D13}.Release|iPhoneSimulator.Build.0 = Release|Any CPU
		{8BC2DE54-1369-434D-905D-C61754572D13}.Release|iPhoneSimulator.Deploy.0 = Release|Any CPU
		{8BC2DE54-1369-434D-905D-C61754572D13}.Release|x86.ActiveCfg = Release|Any CPU
		{8BC2DE54-1369-434D-905D-C61754572D13}.Release|x86.Build.0 = Release|Any CPU
		{8BC2DE54-1369-434D-905D-C61754572D13}.Release|x86.Deploy.0 = Release|Any CPU
	EndGlobalSection
	GlobalSection(SolutionProperties) = preSolution
		HideSolutionNode = FALSE
	EndGlobalSection
EndGlobal
